
Microsoft Visual Studio Solution File, Format Version 12.00
# Visual Studio Version 16
VisualStudioVersion = 16.0.29215.179
MinimumVisualStudioVersion = 10.0.40219.1
Project("{9A19103F-16F7-4668-BE54-9A1E7A4F7556}") = "TodoApi", "TodoApi\TodoApi.csproj", "{24052FF8-0614-48C6-8290-C31FBA2330A2}"
EndProject
Project("{9A19103F-16F7-4668-BE54-9A1E7A4F7556}") = "SignalR", "SignalR\SignalR.csproj", "{ECCB38E5-9B17-4E39-AFA0-A30BBAE3A887}"
EndProject
Project("{9A19103F-16F7-4668-BE54-9A1E7A4F7556}") = "BookApi", "BookApi\BookApi.csproj", "{2F2052EF-A624-4444-9743-B289A00388CF}"
EndProject
Global
	GlobalSection(SolutionConfigurationPlatforms) = preSolution
		Debug|Any CPU = Debug|Any CPU
		Release|Any CPU = Release|Any CPU
	EndGlobalSection
	GlobalSection(ProjectConfigurationPlatforms) = postSolution
		{24052FF8-0614-48C6-8290-C31FBA2330A2}.Debug|Any CPU.ActiveCfg = Debug|Any CPU
		{24052FF8-0614-48C6-8290-C31FBA2330A2}.Debug|Any CPU.Build.0 = Debug|Any CPU
		{24052FF8-0614-48C6-8290-C31FBA2330A2}.Release|Any CPU.ActiveCfg = Release|Any CPU
		{24052FF8-0614-48C6-8290-C31FBA2330A2}.Release|Any CPU.Build.0 = Release|Any CPU
		{ECCB38E5-9B17-4E39-AFA0-A30BBAE3A887}.Debug|Any CPU.ActiveCfg = Debug|Any CPU
		{ECCB38E5-9B17-4E39-AFA0-A30BBAE3A887}.Debug|Any CPU.Build.0 = Debug|Any CPU
		{ECCB38E5-9B17-4E39-AFA0-A30BBAE3A887}.Release|Any CPU.ActiveCfg = Release|Any CPU
		{ECCB38E5-9B17-4E39-AFA0-A30BBAE3A887}.Release|Any CPU.Build.0 = Release|Any CPU
		{2F2052EF-A624-4444-9743-B289A00388CF}.Debug|Any CPU.ActiveCfg = Debug|Any CPU
		{2F2052EF-A624-4444-9743-B289A00388CF}.Debug|Any CPU.Build.0 = Debug|Any CPU
		{2F2052EF-A624-4444-9743-B289A00388CF}.Release|Any CPU.ActiveCfg = Release|Any CPU
		{2F2052EF-A624-4444-9743-B289A00388CF}.Release|Any CPU.Build.0 = Release|Any CPU
	EndGlobalSection
	GlobalSection(SolutionProperties) = preSolution
		HideSolutionNode = FALSE
	EndGlobalSection
	GlobalSection(ExtensibilityGlobals) = postSolution
		SolutionGuid = {C9AAA7EE-D0B3-43A2-94E3-76025230166D}
	EndGlobalSection
EndGlobal
